Microsoft Visual Studio Solution File, Format Version 12.00
# Visual Studio Version 17
VisualStudioVersion = 17.0.31611.283
MinimumVisualStudioVersion = 10.0.40219.1
Project("{9A19103F-16F7-4668-BE54-9A1E7A4F7556}") = "LojaBlazorMaui.App", "LojaBlazorMaui.App\LojaBlazorMaui.App.csproj", "{A14A6846-BC1B-4217-BF55-F913D09B4848}"
EndProject
Project("{2150E333-8FDC-42A3-9474-1A3956D46DE8}") = "1 - UI", "1 - UI", "{8974AE1F-02CE-499E-848A-BBDC39935FCF}"
EndProject
Project("{2150E333-8FDC-42A3-9474-1A3956D46DE8}") = "2 - Services", "2 - Services", "{B13E9539-3B6B-4F44-B3A2-E78FF1892B2A}"
EndProject
Project("{FAE04EC0-301F-11D3-BF4B-00C04F79EFBC}") = "LojaBlazorMaui.Services", "LojaBlazorMaui.Services\LojaBlazorMaui.Services.csproj", "{2FD04218-38B9-4B64-8B27-36AF5BD3B61E}"
EndProject
Global
	GlobalSection(SolutionConfigurationPlatforms) = preSolution
		Debug|Any CPU = Debug|Any CPU
		Release|Any CPU = Release|Any CPU
	EndGlobalSection
	GlobalSection(ProjectConfigurationPlatforms) = postSolution
		{A14A6846-BC1B-4217-BF55-F913D09B4848}.Debug|Any CPU.ActiveCfg = Debug|Any CPU
		{A14A6846-BC1B-4217-BF55-F913D09B4848}.Debug|Any CPU.Build.0 = Debug|Any CPU
		{A14A6846-BC1B-4217-BF55-F913D09B4848}.Debug|Any CPU.Deploy.0 = Debug|Any CPU
		{A14A6846-BC1B-4217-BF55-F913D09B4848}.Release|Any CPU.ActiveCfg = Release|Any CPU
		{A14A6846-BC1B-4217-BF55-F913D09B4848}.Release|Any CPU.Build.0 = Release|Any CPU
		{A14A6846-BC1B-4217-BF55-F913D09B4848}.Release|Any CPU.Deploy.0 = Release|Any CPU
		{2FD04218-38B9-4B64-8B27-36AF5BD3B61E}.Debug|Any CPU.ActiveCfg = Debug|Any CPU
		{2FD04218-38B9-4B64-8B27-36AF5BD3B61E}.Debug|Any CPU.Build.0 = Debug|Any CPU
		{2FD04218-38B9-4B64-8B27-36AF5BD3B61E}.Release|Any CPU.ActiveCfg = Release|Any CPU
		{2FD04218-38B9-4B64-8B27-36AF5BD3B61E}.Release|Any CPU.Build.0 = Release|Any CPU
	EndGlobalSection
	GlobalSection(SolutionProperties) = preSolution
		HideSolutionNode = FALSE
	EndGlobalSection
	GlobalSection(NestedProjects) = preSolution
		{A14A6846-BC1B-4217-BF55-F913D09B4848} = {8974AE1F-02CE-499E-848A-BBDC39935FCF}
		{2FD04218-38B9-4B64-8B27-36AF5BD3B61E} = {B13E9539-3B6B-4F44-B3A2-E78FF1892B2A}
	EndGlobalSection
	GlobalSection(ExtensibilityGlobals) = postSolution
		SolutionGuid = {18E4BCB3-18DB-4E44-9C7C-B0A477DED08F}
		        SolutionGuid = {61F7FB11-1E47-470C-91E2-47F8143E1572}
	EndGlobalSection
EndGlobal
